
Microsoft Visual Studio Solution File, Format Version 12.00
# Visual Studio Version 17
VisualStudioVersion = 17.6.33829.357
MinimumVisualStudioVersion = 10.0.40219.1
Project("{FAE04EC0-301F-11D3-BF4B-00C04F79EFBC}") = "Sona", "Sona\Sona.csproj", "{156892A1-9477-4B1B-9143-06004A484D94}"
EndProject
Global
	GlobalSection(SolutionConfigurationPlatforms) = preSolution
		Debug|Any CPU = Debug|Any CPU
		Release|Any CPU = Release|Any CPU
	EndGlobalSection
	GlobalSection(ProjectConfigurationPlatforms) = postSolution
		{156892A1-9477-4B1B-9143-06004A484D94}.Debug|Any CPU.ActiveCfg = Debug|Any CPU
		{156892A1-9477-4B1B-9143-06004A484D94}.Debug|Any CPU.Build.0 = Debug|Any CPU
		{156892A1-9477-4B1B-9143-06004A484D94}.Release|Any CPU.ActiveCfg = Release|Any CPU
		{156892A1-9477-4B1B-9143-06004A484D94}.Release|Any CPU.Build.0 = Release|Any CPU
	EndGlobalSection
	GlobalSection(SolutionProperties) = preSolution
		HideSolutionNode = FALSE
	EndGlobalSection
	GlobalSection(ExtensibilityGlobals) = postSolution
		SolutionGuid = {C7EC6DE0-73A9-4DF8-BBF9-FFD16DA053F3}
	EndGlobalSection
EndGlobal
